
Microsoft Visual Studio Solution File, Format Version 12.00
# Visual Studio Version 16
VisualStudioVersion = 16.0.31729.503
MinimumVisualStudioVersion = 10.0.40219.1
Project("{FAE04EC0-301F-11D3-BF4B-00C04F79EFBC}") = "Sprint2_M20", "Sprint2_M20\Sprint2_M20.csproj", "{FBB574FF-B2B2-4F14-9AAE-650F245052E2}"
EndProject
Global
	GlobalSection(SolutionConfigurationPlatforms) = preSolution
		Debug|Any CPU = Debug|Any CPU
		Release|Any CPU = Release|Any CPU
	EndGlobalSection
	GlobalSection(ProjectConfigurationPlatforms) = postSolution
		{FBB574FF-B2B2-4F14-9AAE-650F245052E2}.Debug|Any CPU.ActiveCfg = Debug|Any CPU
		{FBB574FF-B2B2-4F14-9AAE-650F245052E2}.Debug|Any CPU.Build.0 = Debug|Any CPU
		{FBB574FF-B2B2-4F14-9AAE-650F245052E2}.Release|Any CPU.ActiveCfg = Release|Any CPU
		{FBB574FF-B2B2-4F14-9AAE-650F245052E2}.Release|Any CPU.Build.0 = Release|Any CPU
	EndGlobalSection
	GlobalSection(SolutionProperties) = preSolution
		HideSolutionNode = FALSE
	EndGlobalSection
	GlobalSection(ExtensibilityGlobals) = postSolution
		SolutionGuid = {8C72BB4F-4C2D-4404-B99E-330C4AB1C0D9}
	EndGlobalSection
EndGlobal
